
Microsoft Visual Studio Solution File, Format Version 11.00
# Visual Studio 2010
Project("{FAE04EC0-301F-11D3-BF4B-00C04F79EFBC}") = "my_first_repo", "my_first_repo\my_first_repo.csproj", "{4F701698-E86A-48AB-955D-52FAE5EA648D}"
EndProject
Global
	GlobalSection(SolutionConfigurationPlatforms) = preSolution
		Debug|Any CPU = Debug|Any CPU
		Release|Any CPU = Release|Any CPU
	EndGlobalSection
	GlobalSection(ProjectConfigurationPlatforms) = postSolution
		{4F701698-E86A-48AB-955D-52FAE5EA648D}.Debug|Any CPU.ActiveCfg = Debug|Any CPU
		{4F701698-E86A-48AB-955D-52FAE5EA648D}.Debug|Any CPU.Build.0 = Debug|Any CPU
		{4F701698-E86A-48AB-955D-52FAE5EA648D}.Release|Any CPU.ActiveCfg = Release|Any CPU
		{4F701698-E86A-48AB-955D-52FAE5EA648D}.Release|Any CPU.Build.0 = Release|Any CPU
	EndGlobalSection
	GlobalSection(MonoDevelopProperties) = preSolution
		StartupItem = my_first_repo\my_first_repo.csproj
	EndGlobalSection
EndGlobal
